# This file is automatically @generated by Cargo.
# It is not intended for manual editing.
[[package]]
name = "aho-corasick"
version = "0.6.0"
source = "registry+https://github.com/rust-lang/crates.io-index"
checksum = "9b1112e9e6d4a66f5f63fbaa520a0bbfe45e63cdd2d13c7ea1660ccc45345073"
dependencies = [
 "memchr 1.0.0",
]

[[package]]
name = "aho-corasick"
version = "0.7.6"
source = "registry+https://github.com/rust-lang/crates.io-index"
checksum = "58fb5e95d83b38284460a5fda7d6470aa0b8844d283a0b614b8535e880800d2d"
dependencies = [
 "memchr 2.2.1",
]

[[package]]
name = "ansi_colours"
version = "1.0.0"
source = "registry+https://github.com/rust-lang/crates.io-index"
checksum = "256cdea0f7d5e23203fc7b484c18cc5e4eb2fac839a01266884a8c5f92ad6b0b"
dependencies = [
 "cc",
]

[[package]]
name = "ansi_term"
version = "0.11.0"
source = "registry+https://github.com/rust-lang/crates.io-index"
checksum = "ee49baf6cb617b853aa8d93bf420db2383fab46d314482ca2803b40d5fde979b"
dependencies = [
 "winapi 0.3.4",
]

[[package]]
name = "ansi_term"
version = "0.12.1"
source = "registry+https://github.com/rust-lang/crates.io-index"
checksum = "d52a9bb7ec0cf484c551830a7ce27bd20d67eac647e1befb56b0be4ee39a55d2"
dependencies = [
 "winapi 0.3.4",
]

[[package]]
name = "anymap"
version = "0.12.0"
source = "registry+https://github.com/rust-lang/crates.io-index"
checksum = "c702427bd148c347930407b05d7b106d5e23e50bbca3b985ea344e83a0a31411"

[[package]]
name = "argon2rs"
version = "0.2.0"
source = "registry+https://github.com/rust-lang/crates.io-index"
checksum = "5d1c8c9784a74b215d2e185ca6ca8fe0171855e3a3b9fe63d08bd4928f940574"
dependencies = [
 "blake2-rfc",
 "crossbeam",
]

[[package]]
name = "atty"
version = "0.2.14"
source = "registry+https://github.com/rust-lang/crates.io-index"
checksum = "d9b39be18770d11421cdb1b9947a45dd3f37e93092cbf377614828a319d5fee8"
dependencies = [
 "hermit-abi",
 "libc",
 "winapi 0.3.4",
]

[[package]]
name = "autocfg"
version = "0.1.0"
source = "registry+https://github.com/rust-lang/crates.io-index"
checksum = "23213af7601f0f2d929f73d2a772804562cb09063f50bba9c361f86d6a0376f8"

[[package]]
name = "backtrace"
version = "0.3.3"
source = "registry+https://github.com/rust-lang/crates.io-index"
checksum = "99f2ce94e22b8e664d95c57fff45b98a966c2252b60691d0b7aeeccd88d70983"
dependencies = [
 "backtrace-sys",
 "cfg-if 0.1.0",
 "dbghelp-sys",
 "kernel32-sys",
 "libc",
 "rustc-demangle",
 "winapi 0.2.8",
]

[[package]]
name = "backtrace-sys"
version = "0.1.3"
source = "registry+https://github.com/rust-lang/crates.io-index"
checksum = "3216d6e2b2c36c648a78afab0fdcb124d5365f7eb9b0895eab395549d76280d2"
dependencies = [
 "libc",
]

[[package]]
name = "base64"
version = "0.12.0"
source = "registry+https://github.com/rust-lang/crates.io-index"
checksum = "7d5ca2cd0adc3f48f9e9ea5a6bbdf9ccc0bfade884847e484d452414c7ccffb3"

[[package]]
name = "bat"
version = "0.15.4"
source = "registry+https://github.com/rust-lang/crates.io-index"
checksum = "91f17c2d9e1cee447a788a15fa6819c0cb488fb2935e3e8c4e7120e1678b7aa8"
dependencies = [
 "ansi_colours",
 "ansi_term 0.12.1",
 "atty",
 "clap",
 "console",
 "content_inspector",
 "dirs",
 "encoding",
 "error-chain",
 "git2",
 "globset",
 "lazy_static",
 "liquid",
 "path_abs",
 "semver",
 "serde",
 "serde_yaml",
 "shell-words",
 "syntect",
 "unicode-width",
 "wild",
]

[[package]]
name = "bincode"
version = "1.0.0"
source = "registry+https://github.com/rust-lang/crates.io-index"
checksum = "bda13183df33055cbb84b847becce220d392df502ebe7a4a78d7021771ed94d0"
dependencies = [
 "byteorder",
 "serde",
]

[[package]]
name = "bitflags"
version = "1.1.0"
source = "registry+https://github.com/rust-lang/crates.io-index"
checksum = "3d155346769a6855b86399e9bc3814ab343cd3d62c7e985113d46a0ec3c281fd"

[[package]]
name = "blake2-rfc"
version = "0.2.16"
source = "registry+https://github.com/rust-lang/crates.io-index"
checksum = "38553cfdd987d0221d4845c1e3518a01f7037c0e2d7258cc31ab50787b95191f"
dependencies = [
 "constant_time_eq",
]

[[package]]
name = "byteorder"
version = "1.2.0"
source = "registry+https://github.com/rust-lang/crates.io-index"
checksum = "c104b6d08940219ebc1b6c373ad8d56ed01145c3722edebc68c7444eecc7b85f"

[[package]]
name = "c2-chacha"
version = "0.2.2"
source = "registry+https://github.com/rust-lang/crates.io-index"
checksum = "7d64d04786e0f528460fc884753cf8dddcc466be308f6026f8e355c41a0e4101"
dependencies = [
 "lazy_static",
 "ppv-lite86",
]

[[package]]
name = "cc"
version = "1.0.42"
source = "registry+https://github.com/rust-lang/crates.io-index"
checksum = "a61c7bce55cd2fae6ec8cb935ebd76256c2959a1f95790f6118a441c2cd5b406"
dependencies = [
 "jobserver",
 "num_cpus",
]

[[package]]
name = "cfg-if"
version = "0.1.0"
source = "registry+https://github.com/rust-lang/crates.io-index"
checksum = "de1e760d7b6535af4241fca8bd8adf68e2e7edacc6b29f5d399050c5e48cf88c"

[[package]]
name = "cfg-if"
version = "1.0.0"
source = "registry+https://github.com/rust-lang/crates.io-index"
checksum = "baf1de4339761588bc0619e3cbc0120ee582ebb74b53b4efbf79117bd2da40fd"

[[package]]
name = "chrono"
version = "0.4.11"
source = "registry+https://github.com/rust-lang/crates.io-index"
checksum = "80094f509cf8b5ae86a4966a39b3ff66cd7e2a3e594accec3743ff3fabeab5b2"
dependencies = [
 "num-integer",
 "num-traits 0.2.0",
 "time",
]

[[package]]
name = "clap"
version = "2.33.0"
source = "registry+https://github.com/rust-lang/crates.io-index"
checksum = "5067f5bb2d80ef5d68b4c87db81601f0b75bca627bc2ef76b141d7b846a3c6d9"
dependencies = [
 "ansi_term 0.11.0",
 "atty",
 "bitflags",
 "strsim",
 "term_size",
 "textwrap",
 "unicode-width",
 "vec_map",
]

[[package]]
name = "cloudabi"
version = "0.0.3"
source = "registry+https://github.com/rust-lang/crates.io-index"
checksum = "ddfc5b9aa5d4507acaf872de71051dfd0e309860e88966e1051e462a077aac4f"
dependencies = [
 "bitflags",
]

[[package]]
name = "console"
version = "0.11.2"
source = "registry+https://github.com/rust-lang/crates.io-index"
checksum = "dea0f3e2e8d7dba335e913b97f9e1992c86c4399d54f8be1d31c8727d0652064"
dependencies = [
 "encode_unicode",
 "lazy_static",
 "libc",
 "regex 1.3.3",
 "terminal_size",
 "termios",
 "unicode-width",
 "winapi 0.3.4",
 "winapi-util",
]

[[package]]
name = "constant_time_eq"
version = "0.1.0"
source = "registry+https://github.com/rust-lang/crates.io-index"
checksum = "b652d338c702a0269fe4215df0139805d280a8445051d0ce37b4b8a7dc9be4f0"

[[package]]
name = "content_inspector"
version = "0.2.4"
source = "registry+https://github.com/rust-lang/crates.io-index"
checksum = "b7bda66e858c683005a53a9a60c69a4aca7eeaa45d124526e389f7aec8e62f38"
dependencies = [
 "memchr 2.2.1",
]

[[package]]
name = "crossbeam"
version = "0.2.5"
source = "registry+https://github.com/rust-lang/crates.io-index"
checksum = "43a558c7c39a3fc4944bae53a27a553e5e54e349243b08a26a868a110f74616a"

[[package]]
name = "dbghelp-sys"
version = "0.2.0"
source = "registry+https://github.com/rust-lang/crates.io-index"
checksum = "97590ba53bcb8ac28279161ca943a924d1fd4a8fb3fa63302591647c4fc5b850"
dependencies = [
 "winapi 0.2.8",
 "winapi-build",
]

[[package]]
name = "dirs"
version = "2.0.0"
source = "registry+https://github.com/rust-lang/crates.io-index"
checksum = "e07ec6ad2c793a14517d70f1b7043ed5a9403f4f785a799032da6a7bcdd80ddb"
dependencies = [
 "cfg-if 0.1.0",
 "dirs-sys",
]

[[package]]
name = "dirs-sys"
version = "0.3.1"
source = "registry+https://github.com/rust-lang/crates.io-index"
checksum = "73bb611ac139e1bd12463cfad795e5d615144c4973ccc2329d8900a9ade944de"
dependencies = [
 "cfg-if 0.1.0",
 "libc",
 "redox_users",
 "winapi 0.3.4",
]

[[package]]
name = "doc-comment"
version = "0.3.0"
source = "registry+https://github.com/rust-lang/crates.io-index"
checksum = "e01aa175b6d8ab6b546445d84619d139e6800d2cf144e0c606d769c15591b4ba"

[[package]]
name = "dtoa"
version = "0.4.0"
source = "registry+https://github.com/rust-lang/crates.io-index"
checksum = "5edd69c67b2f8e0911629b7e6b8a34cb3956613cd7c6e6414966dee349c2db4f"

[[package]]
name = "either"
version = "1.0.0"
source = "registry+https://github.com/rust-lang/crates.io-index"
checksum = "5845bf77d497f79416df39462df26d4a8b71dd6440246848ee63709476dbb9a6"

[[package]]
name = "encode_unicode"
version = "0.3.0"
source = "registry+https://github.com/rust-lang/crates.io-index"
checksum = "8927c1166f271b9c3950500ffada737e31321b43fba0ac2100d954974d2020b5"

[[package]]
name = "encoding"
version = "0.2.0"
source = "registry+https://github.com/rust-lang/crates.io-index"
checksum = "c2f95e2b610806991ba6399e5f48dd82cf27e1331d633fff70eed4c39ae7ace1"
dependencies = [
 "encoding-index-japanese",
 "encoding-index-korean",
 "encoding-index-simpchinese",
 "encoding-index-singlebyte",
 "encoding-index-tradchinese",
]

[[package]]
name = "encoding-index-japanese"
version = "1.0.20140915"
source = "registry+https://github.com/rust-lang/crates.io-index"
checksum = "968a0fe5dad5e94188b845150d63d458be75f7a4b4f3ed079c4fc84bafef95ce"
dependencies = [
 "encoding_index_tests",
]

[[package]]
name = "encoding-index-korean"
version = "1.0.20140915"
source = "registry+https://github.com/rust-lang/crates.io-index"
checksum = "97f191a101cdafff7c7c37e264d4e5da9bfbccf4770cc0603b41c2ac24ea3a26"
dependencies = [
 "encoding_index_tests",
]

[[package]]
name = "encoding-index-simpchinese"
version = "1.0.20140915"
source = "registry+https://github.com/rust-lang/crates.io-index"
checksum = "5f826efb9a4636947877ff5e5a7bdc0fdb55486a8e1abc56f91fac45869afeb4"
dependencies = [
 "encoding_index_tests",
]

[[package]]
name = "encoding-index-singlebyte"
version = "1.0.20140915"
source = "registry+https://github.com/rust-lang/crates.io-index"
checksum = "8e41b0d431944f186bd7e73d0badea17f311df341e26bb339ee6e6585c131066"
dependencies = [
 "encoding_index_tests",
]

[[package]]
name = "encoding-index-tradchinese"
version = "1.0.20140915"
source = "registry+https://github.com/rust-lang/crates.io-index"
checksum = "72c28c6616cbcbe1c2ab7aa0458b071ed3611da717c719bc91a14a48f8126e8b"
dependencies = [
 "encoding_index_tests",
]

[[package]]
name = "encoding_index_tests"
version = "0.1.0"
source = "registry+https://github.com/rust-lang/crates.io-index"
checksum = "cf31776718662bb4e4362a2bf64f0a149a25bd0de986f532bb527c09aa9a92ca"

[[package]]
name = "error-chain"
version = "0.12.0"
source = "registry+https://github.com/rust-lang/crates.io-index"
checksum = "07e791d3be96241c77c43846b665ef1384606da2cd2a48730abe606a12906e02"

[[package]]
name = "failure"
version = "0.1.1"
source = "registry+https://github.com/rust-lang/crates.io-index"
checksum = "934799b6c1de475a012a02dab0ace1ace43789ee4b99bcfbf1a2e3e8ced5de82"
dependencies = [
 "backtrace",
 "failure_derive",
]

[[package]]
name = "failure_derive"
version = "0.1.1"
source = "registry+https://github.com/rust-lang/crates.io-index"
checksum = "c7cdda555bb90c9bb67a3b670a0f42de8e73f5981524123ad8578aafec8ddb8b"
dependencies = [
 "quote 0.3.15",
 "syn 0.11.11",
 "synstructure",
]

[[package]]
name = "fix-hidden-lifetime-bug"
version = "0.2.0"
dependencies = [
 "fix-hidden-lifetime-bug-proc_macros",
]

[[package]]
name = "fix-hidden-lifetime-bug-proc_macros"
version = "0.2.0"
dependencies = [
 "bat",
 "proc-macro2 1.0.0",
 "quote 1.0.0",
 "syn 1.0.7",
]

[[package]]
name = "flate2"
version = "1.0.0"
source = "registry+https://github.com/rust-lang/crates.io-index"
checksum = "deeb50cf96fc0af4df37de3710eaaee665c4e45b3b7566a60d68bef92dda2e94"
dependencies = [
 "libc",
 "miniz-sys",
]

[[package]]
name = "fnv"
version = "1.0.0"
source = "registry+https://github.com/rust-lang/crates.io-index"
checksum = "23c5f769d0418837c08fc1fafc29a25baebe21b7eb4e3149db11c37a2019d74c"

[[package]]
name = "fuchsia-zircon"
version = "0.3.2"
source = "registry+https://github.com/rust-lang/crates.io-index"
checksum = "bd510087c325af53ba24f3be8f1c081b0982319adcb8b03cad764512923ccc19"
dependencies = [
 "bitflags",
 "fuchsia-zircon-sys",
]

[[package]]
name = "fuchsia-zircon-sys"
version = "0.3.2"
source = "registry+https://github.com/rust-lang/crates.io-index"
checksum = "08b3a6f13ad6b96572b53ce7af74543132f1a7055ccceb6d073dd36c54481859"

[[package]]
name = "gcc"
version = "0.3.0"
source = "registry+https://github.com/rust-lang/crates.io-index"
checksum = "b77be93ea1c17c98001d9f3837c3034505ec875eb2e681968fa73cdfb98b93f6"

[[package]]
name = "getrandom"
version = "0.1.4"
source = "registry+https://github.com/rust-lang/crates.io-index"
checksum = "82d68102e030c3d41969bb76ebf55ed731fd946a0a91e0fa7e02f6392cc6db21"
dependencies = [
 "lazy_static",
 "libc",
]

[[package]]
name = "git2"
version = "0.13.0"
source = "registry+https://github.com/rust-lang/crates.io-index"
checksum = "b7da16ceafe24cedd9ba02c4463a2b506b6493baf4317c79c5acb553134a3c15"
dependencies = [
 "bitflags",
 "libc",
 "libgit2-sys",
 "log",
 "url 2.0.0",
]

[[package]]
name = "glob"
version = "0.2.11"
source = "registry+https://github.com/rust-lang/crates.io-index"
checksum = "8be18de09a56b60ed0edf84bc9df007e30040691af7acd1c41874faac5895bfb"

[[package]]
name = "globset"
version = "0.4.0"
source = "registry+https://github.com/rust-lang/crates.io-index"
checksum = "142754da2c9b3722affd909f9e27f2a6700a7a303f362971e0a74c652005a43d"
dependencies = [
 "aho-corasick 0.6.0",
 "fnv",
 "log",
 "memchr 2.2.1",
 "regex 0.2.9",
]

[[package]]
name = "hermit-abi"
version = "0.1.6"
source = "registry+https://github.com/rust-lang/crates.io-index"
checksum = "eff2656d88f158ce120947499e971d743c05dbcbed62e5bd2f38f1698bbc3772"
dependencies = [
 "libc",
]

[[package]]
name = "idna"
version = "0.1.0"
source = "registry+https://github.com/rust-lang/crates.io-index"
checksum = "1053236e00ce4f668aeca4a769a09b3bf5a682d802abd6f3cb39374f6b162c11"
dependencies = [
 "matches",
 "unicode-bidi 0.2.3",
 "unicode-normalization",
]

[[package]]
name = "idna"
version = "0.2.0"
source = "registry+https://github.com/rust-lang/crates.io-index"
checksum = "02e2673c30ee86b5b96a9cb52ad15718aa1f966f5ab9ad54a8b95d5ca33120a9"
dependencies = [
 "matches",
 "unicode-bidi 0.3.0",
 "unicode-normalization",
]

[[package]]
name = "indexmap"
version = "1.0.2"
source = "registry+https://github.com/rust-lang/crates.io-index"
checksum = "7e81a7c05f79578dbc15793d8b619db9ba32b4577003ef3af1a91c416798c58d"

[[package]]
name = "itertools"
version = "0.8.0"
source = "registry+https://github.com/rust-lang/crates.io-index"
checksum = "5b8467d9c1cebe26feb08c640139247fac215782d35371ade9a2136ed6085358"
dependencies = [
 "either",
]

[[package]]
name = "itoa"
version = "0.3.0"
source = "registry+https://github.com/rust-lang/crates.io-index"
checksum = "91fd9dc2c587067de817fec4ad355e3818c3d893a78cab32a0a474c7a15bb8d5"

[[package]]
name = "jobserver"
version = "0.1.16"
source = "registry+https://github.com/rust-lang/crates.io-index"
checksum = "f74e73053eaf95399bf926e48fc7a2a3ce50bd0eaaa2357d391e95b2dcdd4f10"
dependencies = [
 "libc",
 "log",
 "rand",
]

[[package]]
name = "kernel32-sys"
version = "0.2.2"
source = "registry+https://github.com/rust-lang/crates.io-index"
checksum = "7507624b29483431c0ba2d82aece8ca6cdba9382bff4ddd0f7490560c056098d"
dependencies = [
 "winapi 0.2.8",
 "winapi-build",
]

[[package]]
name = "kstring"
version = "0.1.0-alpha.2"
source = "registry+https://github.com/rust-lang/crates.io-index"
checksum = "2f2e35d644fefed5e9321d3ec2a4ff88616e04f14984925203edd7a15726d6c2"
dependencies = [
 "serde",
]

[[package]]
name = "lazy_static"
version = "1.4.0"
source = "registry+https://github.com/rust-lang/crates.io-index"
checksum = "e2abad23fbc42b3700f2f279844dc832adb2b2eb069b2df918f455c4e18cc646"
dependencies = [
 "spin",
]

[[package]]
name = "lazycell"
version = "1.0.0"
source = "registry+https://github.com/rust-lang/crates.io-index"
checksum = "d33a48d0365c96081958cc663eef834975cb1e8d8bea3378513fc72bdbf11e50"

[[package]]
name = "libc"
version = "0.2.54"
source = "registry+https://github.com/rust-lang/crates.io-index"
checksum = "c6785aa7dd976f5fbf3b71cfd9cd49d7f783c1ff565a858d71031c6c313aa5c6"

[[package]]
name = "libgit2-sys"
version = "0.12.0+0.99.0"
source = "registry+https://github.com/rust-lang/crates.io-index"
checksum = "05dff41ac39e7b653f5f1550886cf00ba52f8e7f57210b633cdeedb3de5b236c"
dependencies = [
 "cc",
 "libc",
 "libz-sys",
 "pkg-config",
]

[[package]]
name = "libz-sys"
version = "1.0.22"
source = "registry+https://github.com/rust-lang/crates.io-index"
checksum = "65ff614643d7635dfa2151913d95c4ee90ee1fe15d9e0980f4dcb1a7e5837c18"
dependencies = [
 "cc",
 "libc",
 "pkg-config",
 "vcpkg",
]

[[package]]
name = "line-wrap"
version = "0.1.1"
source = "registry+https://github.com/rust-lang/crates.io-index"
checksum = "f30344350a2a51da54c1d53be93fade8a237e545dbcc4bdbe635413f2117cab9"
dependencies = [
 "safemem",
]

[[package]]
name = "linked-hash-map"
version = "0.0.9"
source = "registry+https://github.com/rust-lang/crates.io-index"
checksum = "83f7ff3baae999fdf921cccf54b61842bb3b26868d50d02dff48052ebec8dd79"

[[package]]
name = "linked-hash-map"
version = "0.5.0"
source = "registry+https://github.com/rust-lang/crates.io-index"
checksum = "2d2aab0478615bb586559b0114d94dd8eca4fdbb73b443adcb0d00b61692b4bf"

[[package]]
name = "liquid"
version = "0.20.0"
source = "registry+https://github.com/rust-lang/crates.io-index"
checksum = "62b5a51d24120bc37da30a3bcd741ede7450f00e9fcb0b8648a1d25f7736bc6e"
dependencies = [
 "doc-comment",
 "kstring",
 "liquid-core",
 "liquid-derive",
 "liquid-lib",
 "serde",
]

[[package]]
name = "liquid-compiler"
version = "0.20.0-alpha.2"
source = "registry+https://github.com/rust-lang/crates.io-index"
checksum = "5a976a096f51b6f2e30b3932aaea6bfc964ca0ee541b9f0a2171cd241d4fa6d9"
dependencies = [
 "itertools",
 "liquid-error",
 "liquid-interpreter",
 "liquid-value",
 "pest 2.0.0",
 "pest_derive 2.0.0",
]

[[package]]
name = "liquid-core"
version = "0.20.0-alpha.2"
source = "registry+https://github.com/rust-lang/crates.io-index"
checksum = "e9c8e577b4d6997a7cffdef44f6362a99a780286b0aa3760c7eb3aef1d47161e"
dependencies = [
 "itertools",
 "liquid-compiler",
 "liquid-derive",
 "liquid-error",
 "liquid-interpreter",
 "liquid-value",
]

[[package]]
name = "liquid-derive"
version = "0.20.0-alpha.2"
source = "registry+https://github.com/rust-lang/crates.io-index"
checksum = "6ed4ef80b5ad7d63336dd125624c2f523bac392b49278dd5a8359683ad00f068"
dependencies = [
 "liquid-compiler",
 "liquid-error",
 "liquid-interpreter",
 "liquid-value",
 "proc-macro2 1.0.0",
 "proc-quote",
 "syn 1.0.7",
]

[[package]]
name = "liquid-error"
version = "0.20.0-alpha.2"
source = "registry+https://github.com/rust-lang/crates.io-index"
checksum = "e1e80a0b6bb0e961da577d9a11fdfbb61def935cbc208f8cd2c6bbb4562ddd48"
dependencies = [
 "kstring",
]

[[package]]
name = "liquid-interpreter"
version = "0.20.0-alpha.2"
source = "registry+https://github.com/rust-lang/crates.io-index"
checksum = "d7cecdf92d417820f46170480f6e9e8c2e77ce46805075b9b2075f5f786d3e0e"
dependencies = [
 "anymap",
 "itertools",
 "kstring",
 "liquid-error",
 "liquid-value",
]

[[package]]
name = "liquid-lib"
version = "0.20.0-alpha.2"
source = "registry+https://github.com/rust-lang/crates.io-index"
checksum = "5fc72e86d173483e7adb57d7444d285c950964666b6924087af99e2f95071a88"
dependencies = [
 "chrono",
 "itertools",
 "kstring",
 "liquid-core",
 "once_cell",
 "regex 1.3.3",
 "unicode-segmentation",
 "url 1.5.0",
]

[[package]]
name = "liquid-value"
version = "0.20.0-alpha.2"
source = "registry+https://github.com/rust-lang/crates.io-index"
checksum = "5cbd8bf64cf26270b11a328c61bea395c35960bd2bd5af891fcb92f4ed55bea9"
dependencies = [
 "chrono",
 "itertools",
 "kstring",
 "liquid-error",
 "num-traits 0.2.0",
 "serde",
]

[[package]]
name = "log"
version = "0.4.14"
source = "registry+https://github.com/rust-lang/crates.io-index"
checksum = "51b9bbe6c47d51fc3e1a9b945965946b4c44142ab8792c50835a980d362c2710"
dependencies = [
 "cfg-if 1.0.0",
]

[[package]]
name = "maplit"
version = "1.0.0"
source = "registry+https://github.com/rust-lang/crates.io-index"
checksum = "5ed95049d40b8a1a7691adbabca028ad481f7e6a2921ce4846e1ee168b4e4ca5"

[[package]]
name = "matches"
version = "0.1.2"
source = "registry+https://github.com/rust-lang/crates.io-index"
checksum = "15305656809ce5a4805b1ff2946892810992197ce1270ff79baded852187942e"

[[package]]
name = "memchr"
version = "1.0.0"
source = "registry+https://github.com/rust-lang/crates.io-index"
checksum = "7492849298f0731c393b1f34ce03a7c84c00bead2e7057db9342907c8fdcae28"
dependencies = [
 "libc",
]

[[package]]
name = "memchr"
version = "2.2.1"
source = "registry+https://github.com/rust-lang/crates.io-index"
checksum = "88579771288728879b57485cc7d6b07d648c9f0141eb955f8ab7f9d45394468e"

[[package]]
name = "miniz-sys"
version = "0.1.7"
source = "registry+https://github.com/rust-lang/crates.io-index"
checksum = "9d1f4d337a01c32e1f2122510fed46393d53ca35a7f429cb0450abaedfa3ed54"
dependencies = [
 "gcc",
 "libc",
]

[[package]]
name = "num-integer"
version = "0.1.36"
source = "registry+https://github.com/rust-lang/crates.io-index"
checksum = "f8d26da319fb45674985c78f1d1caf99aa4941f785d384a2ae36d0740bc3e2fe"
dependencies = [
 "num-traits 0.2.0",
]

[[package]]
name = "num-traits"
version = "0.1.32"
source = "registry+https://github.com/rust-lang/crates.io-index"
checksum = "51eab148f171aefad295f8cece636fc488b9b392ef544da31ea4b8ef6b9e9c39"

[[package]]
name = "num-traits"
version = "0.2.0"
source = "registry+https://github.com/rust-lang/crates.io-index"
checksum = "e7de20f146db9d920c45ee8ed8f71681fd9ade71909b48c3acbd766aa504cf10"

[[package]]
name = "num_cpus"
version = "1.10.0"
source = "registry+https://github.com/rust-lang/crates.io-index"
checksum = "1a23f0ed30a54abaa0c7e83b1d2d87ada7c3c23078d1d87815af3e3b6385fbba"
dependencies = [
 "libc",
]

[[package]]
name = "once_cell"
version = "1.0.1"
source = "registry+https://github.com/rust-lang/crates.io-index"
checksum = "c9192c5a4c3b5488dae8d3886ef9df6b5eb246d36323dc7a5078595a154e7771"

[[package]]
name = "onig"
version = "6.0.0"
source = "registry+https://github.com/rust-lang/crates.io-index"
checksum = "bd91ccd8a02fce2f7e8a86655aec67bc6c171e6f8e704118a0e8c4b866a05a8a"
dependencies = [
 "bitflags",
 "lazy_static",
 "libc",
 "onig_sys",
]

[[package]]
name = "onig_sys"
version = "69.5.0"
source = "registry+https://github.com/rust-lang/crates.io-index"
checksum = "3814583fad89f3c60ae0701d80e87e1fd3028741723deda72d0d4a0ecf0cb0db"
dependencies = [
 "cc",
 "pkg-config",
]

[[package]]
name = "path_abs"
version = "0.5.0"
source = "registry+https://github.com/rust-lang/crates.io-index"
checksum = "eb6b8e6dede0bf94e9300e669f335ba92d5fc9fc8be7f4b1ca8a05206489388c"
dependencies = [
 "std_prelude",
]

[[package]]
name = "percent-encoding"
version = "1.0.0"
source = "registry+https://github.com/rust-lang/crates.io-index"
checksum = "de154f638187706bde41d9b4738748933d64e6b37bdbffc0b47a97d16a6ae356"

[[package]]
name = "percent-encoding"
version = "2.0.0"
source = "registry+https://github.com/rust-lang/crates.io-index"
checksum = "ba4f28a6faf4ffea762ba8f4baef48c61a6db348647c73095034041fc79dd954"

[[package]]
name = "pest"
version = "1.0.0"
source = "registry+https://github.com/rust-lang/crates.io-index"
checksum = "f3cd9a1576dae6ec544a5c9627addf3295b34aebc2acecbba5fe610fc266c166"

[[package]]
name = "pest"
version = "2.0.0"
source = "registry+https://github.com/rust-lang/crates.io-index"
checksum = "4846c5c088c24c734f2910f4015a5ab675f4b9983a36808f47f19fa2d660c1fe"
dependencies = [
 "ucd-trie",
]

[[package]]
name = "pest_derive"
version = "1.0.0"
source = "registry+https://github.com/rust-lang/crates.io-index"
checksum = "263ea6e374cca073ea85d79999776ca8d7ac0912701d8b641b66ae0981bae0d8"
dependencies = [
 "pest 1.0.0",
 "quote 0.3.15",
 "syn 0.10.0",
]

[[package]]
name = "pest_derive"
version = "2.0.0"
source = "registry+https://github.com/rust-lang/crates.io-index"
checksum = "66c7181f1f6f549d2e298f4a23a10969fa01fc00e7496789888aaac6a7c71dcc"
dependencies = [
 "pest 2.0.0",
 "pest_meta",
 "proc-macro2 0.4.4",
 "quote 0.6.3",
 "syn 0.14.1",
]

[[package]]
name = "pest_meta"
version = "2.0.0"
source = "registry+https://github.com/rust-lang/crates.io-index"
checksum = "9bef60828587193f18e75ee8e0b0fdf032091025757aecafb1d8789f70369a01"
dependencies = [
 "maplit",
 "pest 1.0.0",
 "pest_derive 1.0.0",
]

[[package]]
name = "pkg-config"
version = "0.3.16"
source = "registry+https://github.com/rust-lang/crates.io-index"
checksum = "72d5370d90f49f70bd033c3d75e87fc529fbfff9d6f7cccef07d6170079d91ea"

[[package]]
name = "plist"
version = "1.0.0"
source = "registry+https://github.com/rust-lang/crates.io-index"
checksum = "7b336d94e8e4ce29bf15bba393164629764744c567e8ad306cc1fdd0119967fd"
dependencies = [
 "base64",
 "chrono",
 "indexmap",
 "line-wrap",
 "serde",
 "xml-rs",
]

[[package]]
name = "ppv-lite86"
version = "0.2.2"
source = "registry+https://github.com/rust-lang/crates.io-index"
checksum = "fe1c37e6347ad1a8351171bee25a92342401f8cd550f76e153724e765ac76bca"

[[package]]
name = "proc-macro-hack"
version = "0.5.0"
source = "registry+https://github.com/rust-lang/crates.io-index"
checksum = "59306bd601db34d33bf5c87bdd51951001f52cfce77259c5818a84d84a92e757"
dependencies = [
 "proc-macro2 0.4.4",
 "quote 0.6.3",
 "syn 0.15.0",
]

[[package]]
name = "proc-macro2"
version = "0.4.4"
source = "registry+https://github.com/rust-lang/crates.io-index"
checksum = "1fa93823f53cfd0f5ac117b189aed6cfdfb2cfc0a9d82e956dd7927595ed7d46"
dependencies = [
 "unicode-xid 0.1.0",
]

[[package]]
name = "proc-macro2"
version = "1.0.0"
source = "registry+https://github.com/rust-lang/crates.io-index"
checksum = "19f287c234c9b2d0308d692dee5c449c1a171167a6f8150f7cf2a49d8fd96967"
dependencies = [
 "unicode-xid 0.2.0",
]

[[package]]
name = "proc-quote"
version = "0.3.0"
source = "registry+https://github.com/rust-lang/crates.io-index"
checksum = "d8fe0b6f6aef22a400495cdabfd44389b8d5cf71407680fe031be86e51296c85"
dependencies = [
 "proc-macro-hack",
 "proc-macro2 1.0.0",
 "proc-quote-impl",
 "quote 1.0.0",
 "syn 1.0.7",
]

[[package]]
name = "proc-quote-impl"
version = "0.3.0"
source = "registry+https://github.com/rust-lang/crates.io-index"
checksum = "66d3ed99337a9586d312fcd7240546abd644b095a5bd1d1809d82c6ae6d16a8c"
dependencies = [
 "proc-macro-hack",
 "proc-macro2 1.0.0",
 "quote 1.0.0",
]

[[package]]
name = "quote"
version = "0.3.15"
source = "registry+https://github.com/rust-lang/crates.io-index"
checksum = "7a6e920b65c65f10b2ae65c831a81a073a89edd28c7cce89475bff467ab4167a"

[[package]]
name = "quote"
version = "0.6.3"
source = "registry+https://github.com/rust-lang/crates.io-index"
checksum = "e44651a0dc4cdd99f71c83b561e221f714912d11af1a4dff0631f923d53af035"
dependencies = [
 "proc-macro2 0.4.4",
]

[[package]]
name = "quote"
version = "1.0.0"
source = "registry+https://github.com/rust-lang/crates.io-index"
checksum = "7ab938ebe6f1c82426b5fb82eaf10c3e3028c53deaa3fbe38f5904b37cf4d767"
dependencies = [
 "proc-macro2 1.0.0",
]

[[package]]
name = "rand"
version = "0.7.0"
source = "registry+https://github.com/rust-lang/crates.io-index"
checksum = "d47eab0e83d9693d40f825f86948aa16eff6750ead4bdffc4ab95b8b3a7f052c"
dependencies = [
 "getrandom",
 "libc",
 "rand_chacha",
 "rand_core 0.5.0",
 "rand_hc",
]

[[package]]
name = "rand_chacha"
version = "0.2.0"
source = "registry+https://github.com/rust-lang/crates.io-index"
checksum = "e193067942ef6f485a349a113329140d0ab9e2168ce92274499bb0e9a4190d9d"
dependencies = [
 "autocfg",
 "c2-chacha",
 "rand_core 0.5.0",
]

[[package]]
name = "rand_core"
version = "0.3.0"
source = "registry+https://github.com/rust-lang/crates.io-index"
checksum = "0905b6b7079ec73b314d4c748701f6931eb79fd97c668caa3f1899b22b32c6db"

[[package]]
name = "rand_core"
version = "0.5.0"
source = "registry+https://github.com/rust-lang/crates.io-index"
checksum = "615e683324e75af5d43d8f7a39ffe3ee4a9dc42c5c701167a71dc59c3a493aca"
dependencies = [
 "getrandom",
]

[[package]]
name = "rand_hc"
version = "0.2.0"
source = "registry+https://github.com/rust-lang/crates.io-index"
checksum = "ca3129af7b92a17112d59ad498c6f81eaf463253766b90396d39ea7a39d6613c"
dependencies = [
 "rand_core 0.5.0",
]

[[package]]
name = "rand_os"
version = "0.1.0"
source = "registry+https://github.com/rust-lang/crates.io-index"
checksum = "de5ac4de1c2973e1391dc305cb0fbf8788cb58068e98255439b7485a77022273"
dependencies = [
 "cloudabi",
 "fuchsia-zircon",
 "libc",
 "rand_core 0.3.0",
 "winapi 0.3.4",
]

[[package]]
name = "redox_syscall"
version = "0.1.0"
source = "registry+https://github.com/rust-lang/crates.io-index"
checksum = "35a48131ab10dbeb17202bd1dcb9c9798963a58a50c9ec31640f237358832094"

[[package]]
name = "redox_users"
version = "0.3.0"
source = "registry+https://github.com/rust-lang/crates.io-index"
checksum = "3fe5204c3a17e97dde73f285d49be585df59ed84b50a872baf416e73b62c3828"
dependencies = [
 "argon2rs",
 "failure",
 "rand_os",
 "redox_syscall",
]

[[package]]
name = "regex"
version = "0.2.9"
source = "registry+https://github.com/rust-lang/crates.io-index"
checksum = "bde64a9b799f85750f6469fd658cff5fce8d910a7d510858a1f9d15ca9f023bf"
dependencies = [
 "aho-corasick 0.6.0",
 "memchr 2.2.1",
 "regex-syntax 0.5.1",
 "thread_local 0.3.2",
 "utf8-ranges",
]

[[package]]
name = "regex"
version = "1.3.3"
source = "registry+https://github.com/rust-lang/crates.io-index"
checksum = "b5508c1941e4e7cb19965abef075d35a9a8b5cdf0846f30b4050e9b55dc55e87"
dependencies = [
 "aho-corasick 0.7.6",
 "memchr 2.2.1",
 "regex-syntax 0.6.12",
 "thread_local 1.0.0",
]

[[package]]
name = "regex-syntax"
version = "0.5.1"
source = "registry+https://github.com/rust-lang/crates.io-index"
checksum = "de8dbb6ebf56b0af749f4104a074e67b5538b16c659ca6cfaae778cc92fa9ea6"
dependencies = [
 "ucd-util",
]

[[package]]
name = "regex-syntax"
version = "0.6.12"
source = "registry+https://github.com/rust-lang/crates.io-index"
checksum = "11a7e20d1cce64ef2fed88b66d347f88bd9babb82845b2b858f3edbf59a4f716"

[[package]]
name = "rustc-demangle"
version = "0.1.4"
source = "registry+https://github.com/rust-lang/crates.io-index"
checksum = "3058a43ada2c2d0b92b3ae38007a2d0fa5e9db971be260e0171408a4ff471c95"

[[package]]
name = "safemem"
version = "0.3.0"
source = "registry+https://github.com/rust-lang/crates.io-index"
checksum = "8dca453248a96cb0749e36ccdfe2b0b4e54a61bfef89fb97ec621eb8e0a93dd9"

[[package]]
name = "same-file"
version = "1.0.0"
source = "registry+https://github.com/rust-lang/crates.io-index"
checksum = "70a18720d745fb9ca6a041b37cb36d0b21066006b6cff8b5b360142d4b81fb60"
dependencies = [
 "kernel32-sys",
 "winapi 0.2.8",
]

[[package]]
name = "semver"
version = "0.9.0"
source = "registry+https://github.com/rust-lang/crates.io-index"
checksum = "1d7eb9ef2c18661902cc47e535f9bc51b78acd254da71d375c2f6720d9a40403"
dependencies = [
 "semver-parser",
]

[[package]]
name = "semver-parser"
version = "0.7.0"
source = "registry+https://github.com/rust-lang/crates.io-index"
checksum = "388a1df253eca08550bef6c72392cfe7c30914bf41df5269b68cbd6ff8f570a3"

[[package]]
name = "serde"
version = "1.0.27"
source = "registry+https://github.com/rust-lang/crates.io-index"
checksum = "db99f3919e20faa51bb2996057f5031d8685019b5a06139b1ce761da671b8526"
dependencies = [
 "serde_derive",
]

[[package]]
name = "serde_derive"
version = "1.0.0"
source = "registry+https://github.com/rust-lang/crates.io-index"
checksum = "6a61ecb8511aaff381424f98b49a059017420ec60e15e8d63b645701af7fa9b8"
dependencies = [
 "quote 0.3.15",
 "serde_derive_internals",
 "syn 0.11.11",
]

[[package]]
name = "serde_derive_internals"
version = "0.15.0"
source = "registry+https://github.com/rust-lang/crates.io-index"
checksum = "021c338d22c7e30f957a6ab7e388cb6098499dda9fd4ba1661ee074ca7a180d1"
dependencies = [
 "syn 0.11.11",
 "synom",
]

[[package]]
name = "serde_json"
version = "1.0.0"
source = "registry+https://github.com/rust-lang/crates.io-index"
checksum = "e9b1ec939469a124b27e208106550c38358ed4334d2b1b5b3825bc1ee37d946a"
dependencies = [
 "dtoa",
 "itoa",
 "num-traits 0.1.32",
 "serde",
]

[[package]]
name = "serde_yaml"
version = "0.8.0"
source = "registry+https://github.com/rust-lang/crates.io-index"
checksum = "eb5428c48d1cdc140b460b7180a8940c191e752aea36eefe0cc76104195a16ca"
dependencies = [
 "dtoa",
 "linked-hash-map 0.5.0",
 "serde",
 "yaml-rust",
]

[[package]]
name = "shell-words"
version = "1.0.0"
source = "registry+https://github.com/rust-lang/crates.io-index"
checksum = "b6fa3938c99da4914afedd13bf3d79bcb6c277d1b2c398d23257a304d9e1b074"

[[package]]
name = "spin"
version = "0.5.0"
source = "registry+https://github.com/rust-lang/crates.io-index"
checksum = "44363f6f51401c34e7be73db0db371c04705d35efbe9f7d6082e03a921a32c55"

[[package]]
name = "std_prelude"
version = "0.2.12"
source = "registry+https://github.com/rust-lang/crates.io-index"
checksum = "8207e78455ffdf55661170876f88daf85356e4edd54e0a3dbc79586ca1e50cbe"

[[package]]
name = "strsim"
version = "0.8.0"
source = "registry+https://github.com/rust-lang/crates.io-index"
checksum = "8ea5119cdb4c55b55d432abb513a0429384878c15dde60cc77b1c99de1a95a6a"

[[package]]
name = "syn"
version = "0.10.0"
source = "registry+https://github.com/rust-lang/crates.io-index"
checksum = "d134990c61f6cae717293c32e0ba31daf32df876774281ab73ef4a9a200d25b0"
dependencies = [
 "quote 0.3.15",
 "unicode-xid 0.0.3",
]

[[package]]
name = "syn"
version = "0.11.11"
source = "registry+https://github.com/rust-lang/crates.io-index"
checksum = "d3b891b9015c88c576343b9b3e41c2c11a51c219ef067b264bd9c8aa9b441dad"
dependencies = [
 "quote 0.3.15",
 "synom",
 "unicode-xid 0.0.4",
]

[[package]]
name = "syn"
version = "0.14.1"
source = "registry+https://github.com/rust-lang/crates.io-index"
checksum = "6dfd71b2be5a58ee30a6f8ea355ba8290d397131c00dfa55c3d34e6e13db5101"
dependencies = [
 "proc-macro2 0.4.4",
 "quote 0.6.3",
 "unicode-xid 0.1.0",
]

[[package]]
name = "syn"
version = "0.15.0"
source = "registry+https://github.com/rust-lang/crates.io-index"
checksum = "a1ec67da440de95ec3a63fa50541afc4f433d1f410f1f0926b6c4b169660c721"
dependencies = [
 "proc-macro2 0.4.4",
 "quote 0.6.3",
 "unicode-xid 0.1.0",
]

[[package]]
name = "syn"
version = "1.0.7"
source = "registry+https://github.com/rust-lang/crates.io-index"
checksum = "0e7bedb3320d0f3035594b0b723c8a28d7d336a3eda3881db79e61d676fb644c"
dependencies = [
 "proc-macro2 1.0.0",
 "quote 1.0.0",
 "unicode-xid 0.2.0",
]

[[package]]
name = "synom"
version = "0.11.0"
source = "registry+https://github.com/rust-lang/crates.io-index"
checksum = "8fece1853fb872b0acdc3ff88f37c474018e125ef81cd4cb8c0ca515746b62ed"
dependencies = [
 "unicode-xid 0.0.4",
]

[[package]]
name = "synstructure"
version = "0.6.0"
source = "registry+https://github.com/rust-lang/crates.io-index"
checksum = "51fa8ce41ed22c8dc2baa435a3c721b0d2b7e7dc6e5460822ea7689e6a640a22"
dependencies = [
 "quote 0.3.15",
 "syn 0.11.11",
]

[[package]]
name = "syntect"
version = "4.2.0"
source = "registry+https://github.com/rust-lang/crates.io-index"
checksum = "83b43a6ca1829ccb0c933b615c9ea83ffc8793ae240cecbd15119b13d741161d"
dependencies = [
 "bincode",
 "bitflags",
 "flate2",
 "fnv",
 "lazy_static",
 "lazycell",
 "onig",
 "plist",
 "regex-syntax 0.6.12",
 "serde",
 "serde_derive",
 "serde_json",
 "walkdir",
 "yaml-rust",
]

[[package]]
name = "term_size"
version = "0.3.0"
source = "registry+https://github.com/rust-lang/crates.io-index"
checksum = "e2b6b55df3198cc93372e85dd2ed817f0e38ce8cc0f22eb32391bfad9c4bf209"
dependencies = [
 "kernel32-sys",
 "libc",
 "winapi 0.2.8",
]

[[package]]
name = "terminal_size"
version = "0.1.12"
source = "registry+https://github.com/rust-lang/crates.io-index"
checksum = "8038f95fc7a6f351163f4b964af631bd26c9e828f7db085f2a84aca56f70d13b"
dependencies = [
 "libc",
 "winapi 0.3.4",
]

[[package]]
name = "termios"
version = "0.3.0"
source = "registry+https://github.com/rust-lang/crates.io-index"
checksum = "70226acdf12d182df757d9fb07c0257a1558ec48c8059f607d6b38145ce4e2fa"
dependencies = [
 "libc",
]

[[package]]
name = "textwrap"
version = "0.11.0"
source = "registry+https://github.com/rust-lang/crates.io-index"
checksum = "d326610f408c7a4eb6f51c37c330e496b08506c9457c9d34287ecc38809fb060"
dependencies = [
 "term_size",
 "unicode-width",
]

[[package]]
name = "thread-id"
version = "3.0.0"
source = "registry+https://github.com/rust-lang/crates.io-index"
checksum = "4437c97558c70d129e40629a5b385b3fb1ffac301e63941335e4d354081ec14a"
dependencies = [
 "kernel32-sys",
 "libc",
]

[[package]]
name = "thread_local"
version = "0.3.2"
source = "registry+https://github.com/rust-lang/crates.io-index"
checksum = "7793b722f0f77ce716e7f1acf416359ca32ff24d04ffbac4269f44a4a83be05d"
dependencies = [
 "thread-id",
 "unreachable",
]

[[package]]
name = "thread_local"
version = "1.0.0"
source = "registry+https://github.com/rust-lang/crates.io-index"
checksum = "88ddf1ad580c7e3d1efff877d972bcc93f995556b9087a5a259630985c88ceab"
dependencies = [
 "lazy_static",
]

[[package]]
name = "time"
version = "0.1.39"
source = "registry+https://github.com/rust-lang/crates.io-index"
checksum = "a15375f1df02096fb3317256ce2cee6a1f42fc84ea5ad5fc8c421cfe40c73098"
dependencies = [
 "libc",
 "redox_syscall",
 "winapi 0.3.4",
]

[[package]]
name = "ucd-trie"
version = "0.1.1"
source = "registry+https://github.com/rust-lang/crates.io-index"
checksum = "71a9c5b1fe77426cf144cc30e49e955270f5086e31a6441dfa8b32efc09b9d77"

[[package]]
name = "ucd-util"
version = "0.1.0"
source = "registry+https://github.com/rust-lang/crates.io-index"
checksum = "3ac9567e27ca9fc45bac22f987fd62547b0ac65d2e6502dfc09cdab7dbdba31f"

[[package]]
name = "unicode-bidi"
version = "0.2.3"
source = "registry+https://github.com/rust-lang/crates.io-index"
checksum = "c1f7ceb96afdfeedee42bade65a0d585a6a0106f681b6749c8ff4daa8df30b3f"
dependencies = [
 "matches",
]

[[package]]
name = "unicode-bidi"
version = "0.3.0"
source = "registry+https://github.com/rust-lang/crates.io-index"
checksum = "2560b941fdb9ea38301b9b708504d612fcdf9c91a8c31d82219bd74cb07d304d"
dependencies = [
 "matches",
]

[[package]]
name = "unicode-normalization"
version = "0.1.5"
source = "registry+https://github.com/rust-lang/crates.io-index"
checksum = "51ccda9ef9efa3f7ef5d91e8f9b83bbe6955f9bf86aec89d5cce2c874625920f"

[[package]]
name = "unicode-segmentation"
version = "1.2.0"
source = "registry+https://github.com/rust-lang/crates.io-index"
checksum = "a8083c594e02b8ae1654ae26f0ade5158b119bd88ad0e8227a5d8fcd72407946"

[[package]]
name = "unicode-width"
version = "0.1.7"
source = "registry+https://github.com/rust-lang/crates.io-index"
checksum = "caaa9d531767d1ff2150b9332433f32a24622147e5ebb1f26409d5da67afd479"

[[package]]
name = "unicode-xid"
version = "0.0.3"
source = "registry+https://github.com/rust-lang/crates.io-index"
checksum = "36dff09cafb4ec7c8cf0023eb0b686cb6ce65499116a12201c9e11840ca01beb"

[[package]]
name = "unicode-xid"
version = "0.0.4"
source = "registry+https://github.com/rust-lang/crates.io-index"
checksum = "8c1f860d7d29cf02cb2f3f359fd35991af3d30bac52c57d265a3c461074cb4dc"

[[package]]
name = "unicode-xid"
version = "0.1.0"
source = "registry+https://github.com/rust-lang/crates.io-index"
checksum = "fc72304796d0818e357ead4e000d19c9c174ab23dc11093ac919054d20a6a7fc"

[[package]]
name = "unicode-xid"
version = "0.2.0"
source = "registry+https://github.com/rust-lang/crates.io-index"
checksum = "826e7639553986605ec5979c7dd957c7895e93eabed50ab2ffa7f6128a75097c"

[[package]]
name = "unreachable"
version = "0.1.0"
source = "registry+https://github.com/rust-lang/crates.io-index"
checksum = "ba6ca90cbc7fe966c80afab0e8677f09bc157da39eb5bd54084e0d0ce2433777"
dependencies = [
 "void",
]

[[package]]
name = "url"
version = "1.5.0"
source = "registry+https://github.com/rust-lang/crates.io-index"
checksum = "a69a2e36a5e5ed3f3063c8c64a3b028c4d50d689fa6c862abd7cfe65f882595c"
dependencies = [
 "idna 0.1.0",
 "matches",
 "percent-encoding 1.0.0",
]

[[package]]
name = "url"
version = "2.0.0"
source = "registry+https://github.com/rust-lang/crates.io-index"
checksum = "77ddaf52e65c6b81c56b7e957c0b1970f7937f21c5c6774c4e56fcb4e20b48c6"
dependencies = [
 "idna 0.2.0",
 "matches",
 "percent-encoding 2.0.0",
]

[[package]]
name = "utf8-ranges"
version = "1.0.0"
source = "registry+https://github.com/rust-lang/crates.io-index"
checksum = "662fab6525a98beff2921d7f61a39e7d59e0b425ebc7d0d9e66d316e55124122"

[[package]]
name = "vcpkg"
version = "0.2.0"
source = "registry+https://github.com/rust-lang/crates.io-index"
checksum = "df74ff70e2ced9607f67e06640f89a6a6374b459b51bdef290a5cfa657fe4fcc"

[[package]]
name = "vec_map"
version = "0.8.0"
source = "registry+https://github.com/rust-lang/crates.io-index"
checksum = "887b5b631c2ad01628bbbaa7dd4c869f80d3186688f8d0b6f58774fbe324988c"

[[package]]
name = "void"
version = "1.0.0"
source = "registry+https://github.com/rust-lang/crates.io-index"
checksum = "9190d4fdcc6b93d290236afff590896050a971233ec853958c0e52d42bdeb72c"

[[package]]
name = "walkdir"
version = "2.0.0"
source = "registry+https://github.com/rust-lang/crates.io-index"
checksum = "74b57144544c33357d515400d669f9d3e1a5257326a6f6e1f5c0eb304ac8117c"
dependencies = [
 "same-file",
]

[[package]]
name = "wild"
version = "2.0.0"
source = "registry+https://github.com/rust-lang/crates.io-index"
checksum = "105b954abf0cd44e96a395af9af26f2b6c3c32e01e05ae93a4c14f77f5083ea6"
dependencies = [
 "glob",
]

[[package]]
name = "winapi"
version = "0.2.8"
source = "registry+https://github.com/rust-lang/crates.io-index"
checksum = "167dc9d6949a9b857f3451275e911c3f44255842c1f7a76f33c55103a909087a"

[[package]]
name = "winapi"
version = "0.3.4"
source = "registry+https://github.com/rust-lang/crates.io-index"
checksum = "04e3bd221fcbe8a271359c04f21a76db7d0c6028862d1bb5512d85e1e2eb5bb3"
dependencies = [
 "winapi-i686-pc-windows-gnu",
 "winapi-x86_64-pc-windows-gnu",
]

[[package]]
name = "winapi-build"
version = "0.1.1"
source = "registry+https://github.com/rust-lang/crates.io-index"
checksum = "2d315eee3b34aca4797b2da6b13ed88266e6d612562a0c46390af8299fc699bc"

[[package]]
name = "winapi-i686-pc-windows-gnu"
version = "0.4.0"
source = "registry+https://github.com/rust-lang/crates.io-index"
checksum = "ac3b87c63620426dd9b991e5ce0329eff545bccbbb34f3be09ff6fb6ab51b7b6"

[[package]]
name = "winapi-util"
version = "0.1.0"
source = "registry+https://github.com/rust-lang/crates.io-index"
checksum = "8ba6257f8e855152658e96f84f1d07864abdc68b8324c2fe07e64e16317acbb2"
dependencies = [
 "winapi 0.3.4",
]

[[package]]
name = "winapi-x86_64-pc-windows-gnu"
version = "0.4.0"
source = "registry+https://github.com/rust-lang/crates.io-index"
checksum = "712e227841d057c1ee1cd2fb22fa7e5a5461ae8e48fa2ca79ec42cfc1931183f"

[[package]]
name = "xml-rs"
version = "0.8.0"
source = "registry+https://github.com/rust-lang/crates.io-index"
checksum = "541b12c998c5b56aa2b4e6f18f03664eef9a4fd0a246a55594efae6cc2d964b5"

[[package]]
name = "yaml-rust"
version = "0.4.0"
source = "registry+https://github.com/rust-lang/crates.io-index"
checksum = "57ab38ee1a4a266ed033496cf9af1828d8d6e6c1cfa5f643a2809effcae4d628"
dependencies = [
 "linked-hash-map 0.0.9",
]
